// !$*UTF8*$!
{
	archiveVersion = 1;
	classes = {
	};
	objectVersion = 46;
	objects = {

/* Begin PBXBuildFile section */
		BE7B71161B0BA6C4007F25B9 /* main.m in Sources */ = {isa = PBXBuildFile; fileRef = BE7B71151B0BA6C4007F25B9 /* main.m */; };
		BE7B71191B0BA6C4007F25B9 /* AppDelegate.m in Sources */ = {isa = PBXBuildFile; fileRef = BE7B71181B0BA6C4007F25B9 /* AppDelegate.m */; };
		BE7B711C1B0BA6C4007F25B9 /* ViewController.m in Sources */ = {isa = PBXBuildFile; fileRef = BE7B711B1B0BA6C4007F25B9 /* ViewController.m */; };
		BE7B71211B0BA6C4007F25B9 /* Images.xcassets in Resources */ = {isa = PBXBuildFile; fileRef = BE7B71201B0BA6C4007F25B9 /* Images.xcassets */; };
		BE7B71241B0BA6C4007F25B9 /* LaunchScreen.xib in Resources */ = {isa = PBXBuildFile; fileRef = BE7B71221B0BA6C4007F25B9 /* LaunchScreen.xib */; };
		BE7B71301B0BA6C4007F25B9 /* PHTabSampleTests.m in Sources */ = {isa = PBXBuildFile; fileRef = BE7B712F1B0BA6C4007F25B9 /* PHTabSampleTests.m */; };
		BE7B71431B0BA6E6007F25B9 /* UIViewAdditions.m in Sources */ = {isa = PBXBuildFile; fileRef = BE7B713E1B0BA6E6007F25B9 /* UIViewAdditions.m */; };
		BE7B71441B0BA6E6007F25B9 /* PHAirViewController.m in Sources */ = {isa = PBXBuildFile; fileRef = BE7B71401B0BA6E6007F25B9 /* PHAirViewController.m */; };
		BE7B71451B0BA6E6007F25B9 /* PHSessionView.m in Sources */ = {isa = PBXBuildFile; fileRef = BE7B71421B0BA6E6007F25B9 /* PHSessionView.m */; };
		BE7B714B1B0BA741007F25B9 /* PHMenuViewController.m in Sources */ = {isa = PBXBuildFile; fileRef = BE7B71481B0BA741007F25B9 /* PHMenuViewController.m */; };
		BE7B714C1B0BA741007F25B9 /* PHViewController.m in Sources */ = {isa = PBXBuildFile; fileRef = BE7B714A1B0BA741007F25B9 /* PHViewController.m */; };
		BE7B714E1B0BA858007F25B9 /* ViewController.xib in Resources */ = {isa = PBXBuildFile; fileRef = BE7B714D1B0BA858007F25B9 /* ViewController.xib */; };
		BE7B71511B0BA8CB007F25B9 /* AViewController.m in Sources */ = {isa = PBXBuildFile; fileRef = BE7B71501B0BA8CB007F25B9 /* AViewController.m */; };
		BE7B71531B0BA8DF007F25B9 /* AViewController.xib in Resources */ = {isa = PBXBuildFile; fileRef = BE7B71521B0BA8DF007F25B9 /* AViewController.xib */; };
		BE7B71571B0BAA56007F25B9 /* BViewController.m in Sources */ = {isa = PBXBuildFile; fileRef = BE7B71551B0BAA56007F25B9 /* BViewController.m */; };
		BE7B71581B0BAA56007F25B9 /* BViewController.xib in Resources */ = {isa = PBXBuildFile; fileRef = BE7B71561B0BAA56007F25B9 /* BViewController.xib */; };
/* End PBXBuildFile section */

/* Begin PBXContainerItemProxy section */
		BE7B712A1B0BA6C4007F25B9 /* PBXContainerItemProxy */ = {
			isa = PBXContainerItemProxy;
			containerPortal = BE7B71081B0BA6C3007F25B9 /* Project object */;
			proxyType = 1;
			remoteGlobalIDString = BE7B710F1B0BA6C4007F25B9;
			remoteInfo = PHTabSample;
		};
/* End PBXContainerItemProxy section */

/* Begin PBXFileReference section */
		BE7B71101B0BA6C4007F25B9 /* PHTabSample.app */ = {isa = PBXFileReference; explicitFileType = wrapper.application; includeInIndex = 0; path = PHTabSample.app; sourceTree = BUILT_PRODUCTS_DIR; };
		BE7B71141B0BA6C4007F25B9 /* Info.plist */ = {isa = PBXFileReference; lastKnownFileType = text.plist.xml; path = Info.plist; sourceTree = "<group>"; };
		BE7B71151B0BA6C4007F25B9 /* main.m */ = {isa = PBXFileReference; lastKnownFileType = sourcecode.c.objc; path = main.m; sourceTree = "<group>"; };
		BE7B71171B0BA6C4007F25B9 /* AppDelegate.h */ = {isa = PBXFileReference; lastKnownFileType = sourcecode.c.h; path = AppDelegate.h; sourceTree = "<group>"; };
		BE7B71181B0BA6C4007F25B9 /* AppDelegate.m */ = {isa = PBXFileReference; lastKnownFileType = sourcecode.c.objc; path = AppDelegate.m; sourceTree = "<group>"; };
		BE7B711A1B0BA6C4007F25B9 /* ViewController.h */ = {isa = PBXFileReference; lastKnownFileType = sourcecode.c.h; path = ViewController.h; sourceTree = "<group>"; };
		BE7B711B1B0BA6C4007F25B9 /* ViewController.m */ = {isa = PBXFileReference; lastKnownFileType = sourcecode.c.objc; path = ViewController.m; sourceTree = "<group>"; };
		BE7B71201B0BA6C4007F25B9 /* Images.xcassets */ = {isa = PBXFileReference; lastKnownFileType = folder.assetcatalog; path = Images.xcassets; sourceTree = "<group>"; };
		BE7B71231B0BA6C4007F25B9 /* Base */ = {isa = PBXFileReference; lastKnownFileType = file.xib; name = Base; path = Base.lproj/LaunchScreen.xib; sourceTree = "<group>"; };
		BE7B71291B0BA6C4007F25B9 /* PHTabSampleTests.xctest */ = {isa = PBXFileReference; explicitFileType = wrapper.cfbundle; includeInIndex = 0; path = PHTabSampleTests.xctest; sourceTree = BUILT_PRODUCTS_DIR; };
		BE7B712E1B0BA6C4007F25B9 /* Info.plist */ = {isa = PBXFileReference; lastKnownFileType = text.plist.xml; path = Info.plist; sourceTree = "<group>"; };
		BE7B712F1B0BA6C4007F25B9 /* PHTabSampleTests.m */ = {isa = PBXFileReference; lastKnownFileType = sourcecode.c.objc; path = PHTabSampleTests.m; sourceTree = "<group>"; };
		BE7B713D1B0BA6E6007F25B9 /* UIViewAdditions.h */ = {isa = PBXFileReference; fileEncoding = 4; lastKnownFileType = sourcecode.c.h; path = UIViewAdditions.h; sourceTree = "<group>"; };
		BE7B713E1B0BA6E6007F25B9 /* UIViewAdditions.m */ = {isa = PBXFileReference; fileEncoding = 4; lastKnownFileType = sourcecode.c.objc; path = UIViewAdditions.m; sourceTree = "<group>"; };
		BE7B713F1B0BA6E6007F25B9 /* PHAirViewController.h */ = {isa = PBXFileReference; fileEncoding = 4; lastKnownFileType = sourcecode.c.h; path = PHAirViewController.h; sourceTree = "<group>"; };
		BE7B71401B0BA6E6007F25B9 /* PHAirViewController.m */ = {isa = PBXFileReference; fileEncoding = 4; lastKnownFileType = sourcecode.c.objc; path = PHAirViewController.m; sourceTree = "<group>"; };
		BE7B71411B0BA6E6007F25B9 /* PHSessionView.h */ = {isa = PBXFileReference; fileEncoding = 4; lastKnownFileType = sourcecode.c.h; path = PHSessionView.h; sourceTree = "<group>"; };
		BE7B71421B0BA6E6007F25B9 /* PHSessionView.m */ = {isa = PBXFileReference; fileEncoding = 4; lastKnownFileType = sourcecode.c.objc; path = PHSessionView.m; sourceTree = "<group>"; };
		BE7B71471B0BA741007F25B9 /* PHMenuViewController.h */ = {isa = PBXFileReference; fileEncoding = 4; lastKnownFileType = sourcecode.c.h; path = PHMenuViewController.h; sourceTree = "<group>"; };
		BE7B71481B0BA741007F25B9 /* PHMenuViewController.m */ = {isa = PBXFileReference; fileEncoding = 4; lastKnownFileType = sourcecode.c.objc; path = PHMenuViewController.m; sourceTree = "<group>"; };
		BE7B71491B0BA741007F25B9 /* PHViewController.h */ = {isa = PBXFileReference; fileEncoding = 4; lastKnownFileType = sourcecode.c.h; path = PHViewController.h; sourceTree = "<group>"; };
		BE7B714A1B0BA741007F25B9 /* PHViewController.m */ = {isa = PBXFileReference; fileEncoding = 4; lastKnownFileType = sourcecode.c.objc; path = PHViewController.m; sourceTree = "<group>"; };
		BE7B714D1B0BA858007F25B9 /* ViewController.xib */ = {isa = PBXFileReference; fileEncoding = 4; lastKnownFileType = file.xib; path = ViewController.xib; sourceTree = "<group>"; };
		BE7B714F1B0BA8CB007F25B9 /* AViewController.h */ = {isa = PBXFileReference; fileEncoding = 4; lastKnownFileType = sourcecode.c.h; path = AViewController.h; sourceTree = "<group>"; };
		BE7B71501B0BA8CB007F25B9 /* AViewController.m */ = {isa = PBXFileReference; fileEncoding = 4; lastKnownFileType = sourcecode.c.objc; path = AViewController.m; sourceTree = "<group>"; };
		BE7B71521B0BA8DF007F25B9 /* AViewController.xib */ = {isa = PBXFileReference; fileEncoding = 4; lastKnownFileType = file.xib; path = AViewController.xib; sourceTree = "<group>"; };
		BE7B71541B0BAA56007F25B9 /* BViewController.h */ = {isa = PBXFileReference; fileEncoding = 4; lastKnownFileType = sourcecode.c.h; path = BViewController.h; sourceTree = "<group>"; };
		BE7B71551B0BAA56007F25B9 /* BViewController.m */ = {isa = PBXFileReference; fileEncoding = 4; lastKnownFileType = sourcecode.c.objc; path = BViewController.m; sourceTree = "<group>"; };
		BE7B71561B0BAA56007F25B9 /* BViewController.xib */ = {isa = PBXFileReference; fileEncoding = 4; lastKnownFileType = file.xib; path = BViewController.xib; sourceTree = "<group>"; };
/* End PBXFileReference section */

/* Begin PBXFrameworksBuildPhase section */
		BE7B710D1B0BA6C4007F25B9 /* Frameworks */ = {
			isa = PBXFrameworksBuildPhase;
			buildActionMask = 2147483647;
			files = (
			);
			runOnlyForDeploymentPostprocessing = 0;
		};
		BE7B71261B0BA6C4007F25B9 /* Frameworks */ = {
			isa = PBXFrameworksBuildPhase;
			buildActionMask = 2147483647;
			files = (
			);
			runOnlyForDeploymentPostprocessing = 0;
		};
/* End PBXFrameworksBuildPhase section */

/* Begin PBXGroup section */
		BE7B71071B0BA6C3007F25B9 = {
			isa = PBXGroup;
			children = (
				BE7B71121B0BA6C4007F25B9 /* PHTabSample */,
				BE7B712C1B0BA6C4007F25B9 /* PHTabSampleTests */,
				BE7B71111B0BA6C4007F25B9 /* Products */,
			);
			sourceTree = "<group>";
		};
		BE7B71111B0BA6C4007F25B9 /* Products */ = {
			isa = PBXGroup;
			children = (
				BE7B71101B0BA6C4007F25B9 /* PHTabSample.app */,
				BE7B71291B0BA6C4007F25B9 /* PHTabSampleTests.xctest */,
			);
			name = Products;
			sourceTree = "<group>";
		};
		BE7B71121B0BA6C4007F25B9 /* PHTabSample */ = {
			isa = PBXGroup;
			children = (
				BE7B71391B0BA6E5007F25B9 /* PHAirViewController */,
				BE7B71171B0BA6C4007F25B9 /* AppDelegate.h */,
				BE7B71181B0BA6C4007F25B9 /* AppDelegate.m */,
				BE7B71541B0BAA56007F25B9 /* BViewController.h */,
				BE7B71551B0BAA56007F25B9 /* BViewController.m */,
				BE7B71561B0BAA56007F25B9 /* BViewController.xib */,
				BE7B714F1B0BA8CB007F25B9 /* AViewController.h */,
				BE7B71501B0BA8CB007F25B9 /* AViewController.m */,
				BE7B71521B0BA8DF007F25B9 /* AViewController.xib */,
				BE7B711A1B0BA6C4007F25B9 /* ViewController.h */,
				BE7B711B1B0BA6C4007F25B9 /* ViewController.m */,
				BE7B714D1B0BA858007F25B9 /* ViewController.xib */,
				BE7B71201B0BA6C4007F25B9 /* Images.xcassets */,
				BE7B71221B0BA6C4007F25B9 /* LaunchScreen.xib */,
				BE7B71131B0BA6C4007F25B9 /* Supporting Files */,
			);
			path = PHTabSample;
			sourceTree = "<group>";
		};
		BE7B71131B0BA6C4007F25B9 /* Supporting Files */ = {
			isa = PBXGroup;
			children = (
				BE7B71141B0BA6C4007F25B9 /* Info.plist */,
				BE7B71151B0BA6C4007F25B9 /* main.m */,
			);
			name = "Supporting Files";
			sourceTree = "<group>";
		};
		BE7B712C1B0BA6C4007F25B9 /* PHTabSampleTests */ = {
			isa = PBXGroup;
			children = (
				BE7B712F1B0BA6C4007F25B9 /* PHTabSampleTests.m */,
				BE7B712D1B0BA6C4007F25B9 /* Supporting Files */,
			);
			path = PHTabSampleTests;
			sourceTree = "<group>";
		};
		BE7B712D1B0BA6C4007F25B9 /* Supporting Files */ = {
			isa = PBXGroup;
			children = (
				BE7B712E1B0BA6C4007F25B9 /* Info.plist */,
			);
			name = "Supporting Files";
			sourceTree = "<group>";
		};
		BE7B71391B0BA6E5007F25B9 /* PHAirViewController */ = {
			isa = PBXGroup;
			children = (
				BE7B71461B0BA741007F25B9 /* PHMenuViewController */,
				BE7B713A1B0BA6E5007F25B9 /* Source */,
			);
			path = PHAirViewController;
			sourceTree = "<group>";
		};
		BE7B713A1B0BA6E5007F25B9 /* Source */ = {
			isa = PBXGroup;
			children = (
				BE7B713B1B0BA6E5007F25B9 /* Library */,
				BE7B713F1B0BA6E6007F25B9 /* PHAirViewController.h */,
				BE7B71401B0BA6E6007F25B9 /* PHAirViewController.m */,
				BE7B71411B0BA6E6007F25B9 /* PHSessionView.h */,
				BE7B71421B0BA6E6007F25B9 /* PHSessionView.m */,
			);
			path = Source;
			sourceTree = "<group>";
		};
		BE7B713B1B0BA6E5007F25B9 /* Library */ = {
			isa = PBXGroup;
			children = (
				BE7B713C1B0BA6E5007F25B9 /* KNAdditions */,
			);
			path = Library;
			sourceTree = "<group>";
		};
		BE7B713C1B0BA6E5007F25B9 /* KNAdditions */ = {
			isa = PBXGroup;
			children = (
				BE7B713D1B0BA6E6007F25B9 /* UIViewAdditions.h */,
				BE7B713E1B0BA6E6007F25B9 /* UIViewAdditions.m */,
			);
			path = KNAdditions;
			sourceTree = "<group>";
		};
		BE7B71461B0BA741007F25B9 /* PHMenuViewController */ = {
			isa = PBXGroup;
			children = (
				BE7B71471B0BA741007F25B9 /* PHMenuViewController.h */,
				BE7B71481B0BA741007F25B9 /* PHMenuViewController.m */,
				BE7B71491B0BA741007F25B9 /* PHViewController.h */,
				BE7B714A1B0BA741007F25B9 /* PHViewController.m */,
			);
			path = PHMenuViewController;
			sourceTree = "<group>";
		};
/* End PBXGroup section */

/* Begin PBXNativeTarget section */
		BE7B710F1B0BA6C4007F25B9 /* PHTabSample */ = {
			isa = PBXNativeTarget;
			buildConfigurationList = BE7B71331B0BA6C4007F25B9 /* Build configuration list for PBXNativeTarget "PHTabSample" */;
			buildPhases = (
				BE7B710C1B0BA6C4007F25B9 /* Sources */,
				BE7B710D1B0BA6C4007F25B9 /* Frameworks */,
				BE7B710E1B0BA6C4007F25B9 /* Resources */,
			);
			buildRules = (
			);
			dependencies = (
			);
			name = PHTabSample;
			productName = PHTabSample;
			productReference = BE7B71101B0BA6C4007F25B9 /* PHTabSample.app */;
			productType = "com.apple.product-type.application";
		};
		BE7B71281B0BA6C4007F25B9 /* PHTabSampleTests */ = {
			isa = PBXNativeTarget;
			buildConfigurationList = BE7B71361B0BA6C4007F25B9 /* Build configuration list for PBXNativeTarget "PHTabSampleTests" */;
			buildPhases = (
				BE7B71251B0BA6C4007F25B9 /* Sources */,
				BE7B71261B0BA6C4007F25B9 /* Frameworks */,
				BE7B71271B0BA6C4007F25B9 /* Resources */,
			);
			buildRules = (
			);
			dependencies = (
				BE7B712B1B0BA6C4007F25B9 /* PBXTargetDependency */,
			);
			name = PHTabSampleTests;
			productName = PHTabSampleTests;
			productReference = BE7B71291B0BA6C4007F25B9 /* PHTabSampleTests.xctest */;
			productType = "com.apple.product-type.bundle.unit-test";
		};
/* End PBXNativeTarget section */

/* Begin PBXProject section */
		BE7B71081B0BA6C3007F25B9 /* Project object */ = {
			isa = PBXProject;
			attributes = {
				LastUpgradeCheck = 0630;
				ORGANIZATIONNAME = Intelligrape;
				TargetAttributes = {
					BE7B710F1B0BA6C4007F25B9 = {
						CreatedOnToolsVersion = 6.3.1;
					};
					BE7B71281B0BA6C4007F25B9 = {
						CreatedOnToolsVersion = 6.3.1;
						TestTargetID = BE7B710F1B0BA6C4007F25B9;
					};
				};
			};
			buildConfigurationList = BE7B710B1B0BA6C3007F25B9 /* Build configuration list for PBXProject "PHTabSample" */;
			compatibilityVersion = "Xcode 3.2";
			developmentRegion = English;
			hasScannedForEncodings = 0;
			knownRegions = (
				en,
				Base,
			);
			mainGroup = BE7B71071B0BA6C3007F25B9;
			productRefGroup = BE7B71111B0BA6C4007F25B9 /* Products */;
			projectDirPath = "";
			projectRoot = "";
			targets = (
				BE7B710F1B0BA6C4007F25B9 /* PHTabSample */,
				BE7B71281B0BA6C4007F25B9 /* PHTabSampleTests */,
			);
		};
/* End PBXProject section */

/* Begin PBXResourcesBuildPhase section */
		BE7B710E1B0BA6C4007F25B9 /* Resources */ = {
			isa = PBXResourcesBuildPhase;
			buildActionMask = 2147483647;
			files = (
				BE7B71581B0BAA56007F25B9 /* BViewController.xib in Resources */,
				BE7B71531B0BA8DF007F25B9 /* AViewController.xib in Resources */,
				BE7B71241B0BA6C4007F25B9 /* LaunchScreen.xib in Resources */,
				BE7B714E1B0BA858007F25B9 /* ViewController.xib in Resources */,
				BE7B71211B0BA6C4007F25B9 /* Images.xcassets in Resources */,
			);
			runOnlyForDeploymentPostprocessing = 0;
		};
		BE7B71271B0BA6C4007F25B9 /* Resources */ = {
			isa = PBXResourcesBuildPhase;
			buildActionMask = 2147483647;
			files = (
			);
			runOnlyForDeploymentPostprocessing = 0;
		};
/* End PBXResourcesBuildPhase section */

/* Begin PBXSourcesBuildPhase section */
		BE7B710C1B0BA6C4007F25B9 /* Sources */ = {
			isa = PBXSourcesBuildPhase;
			buildActionMask = 2147483647;
			files = (
				BE7B714B1B0BA741007F25B9 /* PHMenuViewController.m in Sources */,
				BE7B71441B0BA6E6007F25B9 /* PHAirViewController.m in Sources */,
				BE7B71431B0BA6E6007F25B9 /* UIViewAdditions.m in Sources */,
				BE7B71571B0BAA56007F25B9 /* BViewController.m in Sources */,
				BE7B711C1B0BA6C4007F25B9 /* ViewController.m in Sources */,
				BE7B714C1B0BA741007F25B9 /* PHViewController.m in Sources */,
				BE7B71451B0BA6E6007F25B9 /* PHSessionView.m in Sources */,
				BE7B71511B0BA8CB007F25B9 /* AViewController.m in Sources */,
				BE7B71191B0BA6C4007F25B9 /* AppDelegate.m in Sources */,
				BE7B71161B0BA6C4007F25B9 /* main.m in Sources */,
			);
			runOnlyForDeploymentPostprocessing = 0;
		};
		BE7B71251B0BA6C4007F25B9 /* Sources */ = {
			isa = PBXSourcesBuildPhase;
			buildActionMask = 2147483647;
			files = (
				BE7B71301B0BA6C4007F25B9 /* PHTabSampleTests.m in Sources */,
			);
			runOnlyForDeploymentPostprocessing = 0;
		};
/* End PBXSourcesBuildPhase section */

/* Begin PBXTargetDependency section */
		BE7B712B1B0BA6C4007F25B9 /* PBXTargetDependency */ = {
			isa = PBXTargetDependency;
			target = BE7B710F1B0BA6C4007F25B9 /* PHTabSample */;
			targetProxy = BE7B712A1B0BA6C4007F25B9 /* PBXContainerItemProxy */;
		};
/* End PBXTargetDependency section */

/* Begin PBXVariantGroup section */
		BE7B71221B0BA6C4007F25B9 /* LaunchScreen.xib */ = {
			isa = PBXVariantGroup;
			children = (
				BE7B71231B0BA6C4007F25B9 /* Base */,
			);
			name = LaunchScreen.xib;
			sourceTree = "<group>";
		};
/* End PBXVariantGroup section */

/* Begin XCBuildConfiguration section */
		BE7B71311B0BA6C4007F25B9 /* Debug */ = {
			isa = XCBuildConfiguration;
			buildSettings = {
				ALWAYS_SEARCH_USER_PATHS = NO;
				CLANG_CXX_LANGUAGE_STANDARD = "gnu++0x";
				CLANG_CXX_LIBRARY = "libc++";
				CLANG_ENABLE_MODULES = YES;
				CLANG_ENABLE_OBJC_ARC = YES;
				CLANG_WARN_BOOL_CONVERSION = YES;
				CLANG_WARN_CONSTANT_CONVERSION = YES;
				CLANG_WARN_DIRECT_OBJC_ISA_USAGE = YES_ERROR;
				CLANG_WARN_EMPTY_BODY = YES;
				CLANG_WARN_ENUM_CONVERSION = YES;
				CLANG_WARN_INT_CONVERSION = YES;
				CLANG_WARN_OBJC_ROOT_CLASS = YES_ERROR;
				CLANG_WARN_UNREACHABLE_CODE = YES;
				CLANG_WARN__DUPLICATE_METHOD_MATCH = YES;
				"CODE_SIGN_IDENTITY[sdk=iphoneos*]" = "iPhone Developer";
				COPY_PHASE_STRIP = NO;
				DEBUG_INFORMATION_FORMAT = "dwarf-with-dsym";
				ENABLE_STRICT_OBJC_MSGSEND = YES;
				GCC_C_LANGUAGE_STANDARD = gnu99;
				GCC_DYNAMIC_NO_PIC = NO;
				GCC_NO_COMMON_BLOCKS = YES;
				GCC_OPTIMIZATION_LEVEL = 0;
				GCC_PREPROCESSOR_DEFINITIONS = (
					"DEBUG=1",
					"$(inherited)",
				);
				GCC_SYMBOLS_PRIVATE_EXTERN = NO;
				GCC_WARN_64_TO_32_BIT_CONVERSION = YES;
				GCC_WARN_ABOUT_RETURN_TYPE = YES_ERROR;
				GCC_WARN_UNDECLARED_SELECTOR = YES;
				GCC_WARN_UNINITIALIZED_AUTOS = YES_AGGRESSIVE;
				GCC_WARN_UNUSED_FUNCTION = YES;
				GCC_WARN_UNUSED_VARIABLE = YES;
				IPHONEOS_DEPLOYMENT_TARGET = 8.3;
				MTL_ENABLE_DEBUG_INFO = YES;
				ONLY_ACTIVE_ARCH = YES;
				SDKROOT = iphoneos;
			};
			name = Debug;
		};
		BE7B71321B0BA6C4007F25B9 /* Release */ = {
			isa = XCBuildConfiguration;
			buildSettings = {
				ALWAYS_SEARCH_USER_PATHS = NO;
				CLANG_CXX_LANGUAGE_STANDARD = "gnu++0x";
				CLANG_CXX_LIBRARY = "libc++";
				CLANG_ENABLE_MODULES = YES;
				CLANG_ENABLE_OBJC_ARC = YES;
				CLANG_WARN_BOOL_CONVERSION = YES;
				CLANG_WARN_CONSTANT_CONVERSION = YES;
				CLANG_WARN_DIRECT_OBJC_ISA_USAGE = YES_ERROR;
				CLANG_WARN_EMPTY_BODY = YES;
				CLANG_WARN_ENUM_CONVERSION = YES;
				CLANG_WARN_INT_CONVERSION = YES;
				CLANG_WARN_OBJC_ROOT_CLASS = YES_ERROR;
				CLANG_WARN_UNREACHABLE_CODE = YES;
				CLANG_WARN__DUPLICATE_METHOD_MATCH = YES;
				"CODE_SIGN_IDENTITY[sdk=iphoneos*]" = "iPhone Developer";
				COPY_PHASE_STRIP = NO;
				DEBUG_INFORMATION_FORMAT = "dwarf-with-dsym";
				ENABLE_NS_ASSERTIONS = NO;
				ENABLE_STRICT_OBJC_MSGSEND = YES;
				GCC_C_LANGUAGE_STANDARD = gnu99;
				GCC_NO_COMMON_BLOCKS = YES;
				GCC_WARN_64_TO_32_BIT_CONVERSION = YES;
				GCC_WARN_ABOUT_RETURN_TYPE = YES_ERROR;
				GCC_WARN_UNDECLARED_SELECTOR = YES;
				GCC_WARN_UNINITIALIZED_AUTOS = YES_AGGRESSIVE;
				GCC_WARN_UNUSED_FUNCTION = YES;
				GCC_WARN_UNUSED_VARIABLE = YES;
				IPHONEOS_DEPLOYMENT_TARGET = 8.3;
				MTL_ENABLE_DEBUG_INFO = NO;
				SDKROOT = iphoneos;
				VALIDATE_PRODUCT = YES;
			};
			name = Release;
		};
		BE7B71341B0BA6C4007F25B9 /* Debug */ = {
			isa = XCBuildConfiguration;
			buildSettings = {
				ASSETCATALOG_COMPILER_APPICON_NAME = AppIcon;
				INFOPLIST_FILE = PHTabSample/Info.plist;
				LD_RUNPATH_SEARCH_PATHS = "$(inherited) @executable_path/Frameworks";
				PRODUCT_NAME = "$(TARGET_NAME)";
			};
			name = Debug;
		};
		BE7B71351B0BA6C4007F25B9 /* Release */ = {
			isa = XCBuildConfiguration;
			buildSettings = {
				ASSETCATALOG_COMPILER_APPICON_NAME = AppIcon;
				INFOPLIST_FILE = PHTabSample/Info.plist;
				LD_RUNPATH_SEARCH_PATHS = "$(inherited) @executable_path/Frameworks";
				PRODUCT_NAME = "$(TARGET_NAME)";
			};
			name = Release;
		};
		BE7B71371B0BA6C4007F25B9 /* Debug */ = {
			isa = XCBuildConfiguration;
			buildSettings = {
				BUNDLE_LOADER = "$(TEST_HOST)";
				FRAMEWORK_SEARCH_PATHS = (
					"$(SDKROOT)/Developer/Library/Frameworks",
					"$(inherited)",
				);
				GCC_PREPROCESSOR_DEFINITIONS = (
					"DEBUG=1",
					"$(inherited)",
				);
				INFOPLIST_FILE = PHTabSampleTests/Info.plist;
				LD_RUNPATH_SEARCH_PATHS = "$(inherited) @executable_path/Frameworks @loader_path/Frameworks";
				PRODUCT_NAME = "$(TARGET_NAME)";
				TEST_HOST = "$(BUILT_PRODUCTS_DIR)/PHTabSample.app/PHTabSample";
			};
			name = Debug;
		};
		BE7B71381B0BA6C4007F25B9 /* Release */ = {
			isa = XCBuildConfiguration;
			buildSettings = {
				BUNDLE_LOADER = "$(TEST_HOST)";
				FRAMEWORK_SEARCH_PATHS = (
					"$(SDKROOT)/Developer/Library/Frameworks",
					"$(inherited)",
				);
				INFOPLIST_FILE = PHTabSampleTests/Info.plist;
				LD_RUNPATH_SEARCH_PATHS = "$(inherited) @executable_path/Frameworks @loader_path/Frameworks";
				PRODUCT_NAME = "$(TARGET_NAME)";
				TEST_HOST = "$(BUILT_PRODUCTS_DIR)/PHTabSample.app/PHTabSample";
			};
			name = Release;
		};
/* End XCBuildConfiguration section */

/* Begin XCConfigurationList section */
		BE7B710B1B0BA6C3007F25B9 /* Build configuration list for PBXProject "PHTabSample" */ = {
			isa = XCConfigurationList;
			buildConfigurations = (
				BE7B71311B0BA6C4007F25B9 /* Debug */,
				BE7B71321B0BA6C4007F25B9 /* Release */,
			);
			defaultConfigurationIsVisible = 0;
			defaultConfigurationName = Release;
		};
		BE7B71331B0BA6C4007F25B9 /* Build configuration list for PBXNativeTarget "PHTabSample" */ = {
			isa = XCConfigurationList;
			buildConfigurations = (
				BE7B71341B0BA6C4007F25B9 /* Debug */,
				BE7B71351B0BA6C4007F25B9 /* Release */,
			);
			defaultConfigurationIsVisible = 0;
		};
		BE7B71361B0BA6C4007F25B9 /* Build configuration list for PBXNativeTarget "PHTabSampleTests" */ = {
			isa = XCConfigurationList;
			buildConfigurations = (
				BE7B71371B0BA6C4007F25B9 /* Debug */,
				BE7B71381B0BA6C4007F25B9 /* Release */,
			);
			defaultConfigurationIsVisible = 0;
		};
/* End XCConfigurationList section */
	};
	rootObject = BE7B71081B0BA6C3007F25B9 /* Project object */;
}
